
Microsoft Visual Studio Solution File, Format Version 12.00
# Visual Studio Version 17
VisualStudioVersion = 17.11.35327.3
MinimumVisualStudioVersion = 10.0.40219.1
Project("{8BC9CEB8-8B4A-11D0-8D11-00A0C91BC942}") = "SDD_2025", "SDD_2025\SDD_2025.vcxproj", "{B4708FD4-47F8-4A1D-A12A-2032333EDCAE}"
EndProject
Global
	GlobalSection(SolutionConfigurationPlatforms) = preSolution
		Debug|x64 = Debug|x64
		Debug|x86 = Debug|x86
		Release|x64 = Release|x64
		Release|x86 = Release|x86
	EndGlobalSection
	GlobalSection(ProjectConfigurationPlatforms) = postSolution
		{B4708FD4-47F8-4A1D-A12A-2032333EDCAE}.Debug|x64.ActiveCfg = Debug|x64
		{B4708FD4-47F8-4A1D-A12A-2032333EDCAE}.Debug|x64.Build.0 = Debug|x64
		{B4708FD4-47F8-4A1D-A12A-2032333EDCAE}.Debug|x86.ActiveCfg = Debug|Win32
		{B4708FD4-47F8-4A1D-A12A-2032333EDCAE}.Debug|x86.Build.0 = Debug|Win32
		{B4708FD4-47F8-4A1D-A12A-2032333EDCAE}.Release|x64.ActiveCfg = Release|x64
		{B4708FD4-47F8-4A1D-A12A-2032333EDCAE}.Release|x64.Build.0 = Release|x64
		{B4708FD4-47F8-4A1D-A12A-2032333EDCAE}.Release|x86.ActiveCfg = Release|Win32
		{B4708FD4-47F8-4A1D-A12A-2032333EDCAE}.Release|x86.Build.0 = Release|Win32
	EndGlobalSection
	GlobalSection(SolutionProperties) = preSolution
		HideSolutionNode = FALSE
	EndGlobalSection
	GlobalSection(ExtensibilityGlobals) = postSolution
		SolutionGuid = {CBC2BD2B-B2C8-4EB4-A02D-C2DF04E0018E}
	EndGlobalSection
EndGlobal
